# Written by 'cc-guides render' — do not edit.
schema = 1
version = "0.1.45"
artifacts = [".claude/settings.json", ".github/workflows/docs.yml", ".gitignore", ".mcp.json", ".pre-commit-config.yaml", "AGENTS.md", "CLAUDE.md", "great-docs.yml", "plugin/scripts/install-binary.sh"]

[sources.cc-skills]
spec = "github:yasyf/cc-skills@main"
commit = "54691eb1707050e41674e6f61ea01167ed26c8e5"
